
Microsoft Visual Studio Solution File, Format Version 12.00
# Visual Studio Version 16
VisualStudioVersion = 16.0.31019.35
MinimumVisualStudioVersion = 10.0.40219.1
Project("{9A19103F-16F7-4668-BE54-9A1E7A4F7556}") = "DataAccess", "DataAccess\DataAccess.csproj", "{0D1F5503-5ACB-423C-9624-68FCA163135E}"
EndProject
Project("{9A19103F-16F7-4668-BE54-9A1E7A4F7556}") = "Business", "Business\Business.csproj", "{E0E6C27C-A628-4ED4-B60B-354034CEDA8E}"
EndProject
Project("{9A19103F-16F7-4668-BE54-9A1E7A4F7556}") = "Entities", "Entities\Entities.csproj", "{F70A6D23-9A1B-47EF-98CB-CC9CBD5F1F88}"
EndProject
Project("{9A19103F-16F7-4668-BE54-9A1E7A4F7556}") = "ConsoleUI", "ConsoleUI\ConsoleUI.csproj", "{FBB71897-9B9C-4A22-9F9A-64DAB8FD10C5}"
EndProject
Project("{FAE04EC0-301F-11D3-BF4B-00C04F79EFBC}") = "Core", "Core\Core.csproj", "{100AC65D-A141-49F5-BA12-E5EBAAF1638F}"
EndProject
Global
	GlobalSection(SolutionConfigurationPlatforms) = preSolution
		Debug|Any CPU = Debug|Any CPU
		Release|Any CPU = Release|Any CPU
	EndGlobalSection
	GlobalSection(ProjectConfigurationPlatforms) = postSolution
		{0D1F5503-5ACB-423C-9624-68FCA163135E}.Debug|Any CPU.ActiveCfg = Debug|Any CPU
		{0D1F5503-5ACB-423C-9624-68FCA163135E}.Debug|Any CPU.Build.0 = Debug|Any CPU
		{0D1F5503-5ACB-423C-9624-68FCA163135E}.Release|Any CPU.ActiveCfg = Release|Any CPU
		{0D1F5503-5ACB-423C-9624-68FCA163135E}.Release|Any CPU.Build.0 = Release|Any CPU
		{E0E6C27C-A628-4ED4-B60B-354034CEDA8E}.Debug|Any CPU.ActiveCfg = Debug|Any CPU
		{E0E6C27C-A628-4ED4-B60B-354034CEDA8E}.Debug|Any CPU.Build.0 = Debug|Any CPU
		{E0E6C27C-A628-4ED4-B60B-354034CEDA8E}.Release|Any CPU.ActiveCfg = Release|Any CPU
		{E0E6C27C-A628-4ED4-B60B-354034CEDA8E}.Release|Any CPU.Build.0 = Release|Any CPU
		{F70A6D23-9A1B-47EF-98CB-CC9CBD5F1F88}.Debug|Any CPU.ActiveCfg = Debug|Any CPU
		{F70A6D23-9A1B-47EF-98CB-CC9CBD5F1F88}.Debug|Any CPU.Build.0 = Debug|Any CPU
		{F70A6D23-9A1B-47EF-98CB-CC9CBD5F1F88}.Release|Any CPU.ActiveCfg = Release|Any CPU
		{F70A6D23-9A1B-47EF-98CB-CC9CBD5F1F88}.Release|Any CPU.Build.0 = Release|Any CPU
		{FBB71897-9B9C-4A22-9F9A-64DAB8FD10C5}.Debug|Any CPU.ActiveCfg = Debug|Any CPU
		{FBB71897-9B9C-4A22-9F9A-64DAB8FD10C5}.Debug|Any CPU.Build.0 = Debug|Any CPU
		{FBB71897-9B9C-4A22-9F9A-64DAB8FD10C5}.Release|Any CPU.ActiveCfg = Release|Any CPU
		{FBB71897-9B9C-4A22-9F9A-64DAB8FD10C5}.Release|Any CPU.Build.0 = Release|Any CPU
		{100AC65D-A141-49F5-BA12-E5EBAAF1638F}.Debug|Any CPU.ActiveCfg = Debug|Any CPU
		{100AC65D-A141-49F5-BA12-E5EBAAF1638F}.Debug|Any CPU.Build.0 = Debug|Any CPU
		{100AC65D-A141-49F5-BA12-E5EBAAF1638F}.Release|Any CPU.ActiveCfg = Release|Any CPU
		{100AC65D-A141-49F5-BA12-E5EBAAF1638F}.Release|Any CPU.Build.0 = Release|Any CPU
	EndGlobalSection
	GlobalSection(SolutionProperties) = preSolution
		HideSolutionNode = FALSE
	EndGlobalSection
	GlobalSection(ExtensibilityGlobals) = postSolution
		SolutionGuid = {174D4BA3-B6F8-4F14-A466-F859469B7878}
	EndGlobalSection
EndGlobal
